
Microsoft Visual Studio Solution File, Format Version 12.00
# Visual Studio Version 16
VisualStudioVersion = 16.0.32002.261
MinimumVisualStudioVersion = 10.0.40219.1
Project("{FAE04EC0-301F-11D3-BF4B-00C04F79EFBC}") = "HelloWorld", "HelloWorld\HelloWorld.csproj", "{24C3EDA9-47D7-4D24-8B97-08D4F1A0D935}"
EndProject
Project("{FAE04EC0-301F-11D3-BF4B-00C04F79EFBC}") = "DataTypes", "DataTypes\DataTypes.csproj", "{2583E52A-3BDE-429E-834A-61D31D530414}"
EndProject
Project("{FAE04EC0-301F-11D3-BF4B-00C04F79EFBC}") = "VariablesAndConstants", "VariablesAndConstants\VariablesAndConstants.csproj", "{C1C1AC9F-2159-4C5B-82AC-06A0BC67EF1D}"
EndProject
Project("{FAE04EC0-301F-11D3-BF4B-00C04F79EFBC}") = "Operators", "Operators\Operators.csproj", "{DA16BFA0-41A9-40E5-B26F-B901ECD41765}"
EndProject
Project("{FAE04EC0-301F-11D3-BF4B-00C04F79EFBC}") = "ControlFlowStatements", "ControlFlowStatements\ControlFlowStatements.csproj", "{F9CACC85-34D4-4979-A607-41803AA6F10B}"
EndProject
Project("{FAE04EC0-301F-11D3-BF4B-00C04F79EFBC}") = "Classes", "Classes\Classes.csproj", "{ACB11B25-EFD0-4E2A-A446-30787DA74DEF}"
EndProject
Project("{FAE04EC0-301F-11D3-BF4B-00C04F79EFBC}") = "Constructors", "Constructors\Constructors.csproj", "{51E30144-6846-4F4D-B1E7-32382D822185}"
EndProject
Project("{FAE04EC0-301F-11D3-BF4B-00C04F79EFBC}") = "Properties", "Properties\Properties.csproj", "{DA71FEB8-FA18-406E-8CCC-B6604B6E3A4D}"
EndProject
Project("{FAE04EC0-301F-11D3-BF4B-00C04F79EFBC}") = "AccessModifiers", "AccessModifiers\AccessModifiers.csproj", "{A837D701-B413-481B-880B-95EBED6107D6}"
EndProject
Project("{FAE04EC0-301F-11D3-BF4B-00C04F79EFBC}") = "Abstraction", "Abstraction\Abstraction.csproj", "{99A70281-6F36-4279-839F-D5C0AD8796D4}"
EndProject
Project("{FAE04EC0-301F-11D3-BF4B-00C04F79EFBC}") = "Encapsulation", "Encapsulation\Encapsulation.csproj", "{004E2AF6-8D3B-4583-8923-4E5E98715E83}"
EndProject
Project("{FAE04EC0-301F-11D3-BF4B-00C04F79EFBC}") = "Inheritance", "Inheritance\Inheritance.csproj", "{C2A5B0FF-299A-44D3-8192-76430FF3B3DD}"
EndProject
Project("{FAE04EC0-301F-11D3-BF4B-00C04F79EFBC}") = "Polymorphism", "Polymorphism\Polymorphism.csproj", "{65FAD97C-B82A-46EF-ABBE-AFE4BD1AB476}"
EndProject
Project("{FAE04EC0-301F-11D3-BF4B-00C04F79EFBC}") = "ExceptionHandling", "ExceptionHandling\ExceptionHandling.csproj", "{4C591C00-641A-4D90-93A6-28ED1254CECC}"
EndProject
Project("{FAE04EC0-301F-11D3-BF4B-00C04F79EFBC}") = "PartialClass", "PartialClass\PartialClass.csproj", "{02BD479C-DAA3-4970-90FF-8C0B1FE1C8E0}"
EndProject
Global
	GlobalSection(SolutionConfigurationPlatforms) = preSolution
		Debug|Any CPU = Debug|Any CPU
		Release|Any CPU = Release|Any CPU
	EndGlobalSection
	GlobalSection(ProjectConfigurationPlatforms) = postSolution
		{24C3EDA9-47D7-4D24-8B97-08D4F1A0D935}.Debug|Any CPU.ActiveCfg = Debug|Any CPU
		{24C3EDA9-47D7-4D24-8B97-08D4F1A0D935}.Debug|Any CPU.Build.0 = Debug|Any CPU
		{24C3EDA9-47D7-4D24-8B97-08D4F1A0D935}.Release|Any CPU.ActiveCfg = Release|Any CPU
		{24C3EDA9-47D7-4D24-8B97-08D4F1A0D935}.Release|Any CPU.Build.0 = Release|Any CPU
		{2583E52A-3BDE-429E-834A-61D31D530414}.Debug|Any CPU.ActiveCfg = Debug|Any CPU
		{2583E52A-3BDE-429E-834A-61D31D530414}.Debug|Any CPU.Build.0 = Debug|Any CPU
		{2583E52A-3BDE-429E-834A-61D31D530414}.Release|Any CPU.ActiveCfg = Release|Any CPU
		{2583E52A-3BDE-429E-834A-61D31D530414}.Release|Any CPU.Build.0 = Release|Any CPU
		{C1C1AC9F-2159-4C5B-82AC-06A0BC67EF1D}.Debug|Any CPU.ActiveCfg = Debug|Any CPU
		{C1C1AC9F-2159-4C5B-82AC-06A0BC67EF1D}.Debug|Any CPU.Build.0 = Debug|Any CPU
		{C1C1AC9F-2159-4C5B-82AC-06A0BC67EF1D}.Release|Any CPU.ActiveCfg = Release|Any CPU
		{C1C1AC9F-2159-4C5B-82AC-06A0BC67EF1D}.Release|Any CPU.Build.0 = Release|Any CPU
		{DA16BFA0-41A9-40E5-B26F-B901ECD41765}.Debug|Any CPU.ActiveCfg = Debug|Any CPU
		{DA16BFA0-41A9-40E5-B26F-B901ECD41765}.Debug|Any CPU.Build.0 = Debug|Any CPU
		{DA16BFA0-41A9-40E5-B26F-B901ECD41765}.Release|Any CPU.ActiveCfg = Release|Any CPU
		{DA16BFA0-41A9-40E5-B26F-B901ECD41765}.Release|Any CPU.Build.0 = Release|Any CPU
		{F9CACC85-34D4-4979-A607-41803AA6F10B}.Debug|Any CPU.ActiveCfg = Debug|Any CPU
		{F9CACC85-34D4-4979-A607-41803AA6F10B}.Debug|Any CPU.Build.0 = Debug|Any CPU
		{F9CACC85-34D4-4979-A607-41803AA6F10B}.Release|Any CPU.ActiveCfg = Release|Any CPU
		{F9CACC85-34D4-4979-A607-41803AA6F10B}.Release|Any CPU.Build.0 = Release|Any CPU
		{ACB11B25-EFD0-4E2A-A446-30787DA74DEF}.Debug|Any CPU.ActiveCfg = Debug|Any CPU
		{ACB11B25-EFD0-4E2A-A446-30787DA74DEF}.Debug|Any CPU.Build.0 = Debug|Any CPU
		{ACB11B25-EFD0-4E2A-A446-30787DA74DEF}.Release|Any CPU.ActiveCfg = Release|Any CPU
		{ACB11B25-EFD0-4E2A-A446-30787DA74DEF}.Release|Any CPU.Build.0 = Release|Any CPU
		{51E30144-6846-4F4D-B1E7-32382D822185}.Debug|Any CPU.ActiveCfg = Debug|Any CPU
		{51E30144-6846-4F4D-B1E7-32382D822185}.Debug|Any CPU.Build.0 = Debug|Any CPU
		{51E30144-6846-4F4D-B1E7-32382D822185}.Release|Any CPU.ActiveCfg = Release|Any CPU
		{51E30144-6846-4F4D-B1E7-32382D822185}.Release|Any CPU.Build.0 = Release|Any CPU
		{DA71FEB8-FA18-406E-8CCC-B6604B6E3A4D}.Debug|Any CPU.ActiveCfg = Debug|Any CPU
		{DA71FEB8-FA18-406E-8CCC-B6604B6E3A4D}.Debug|Any CPU.Build.0 = Debug|Any CPU
		{DA71FEB8-FA18-406E-8CCC-B6604B6E3A4D}.Release|Any CPU.ActiveCfg = Release|Any CPU
		{DA71FEB8-FA18-406E-8CCC-B6604B6E3A4D}.Release|Any CPU.Build.0 = Release|Any CPU
		{A837D701-B413-481B-880B-95EBED6107D6}.Debug|Any CPU.ActiveCfg = Debug|Any CPU
		{A837D701-B413-481B-880B-95EBED6107D6}.Debug|Any CPU.Build.0 = Debug|Any CPU
		{A837D701-B413-481B-880B-95EBED6107D6}.Release|Any CPU.ActiveCfg = Release|Any CPU
		{A837D701-B413-481B-880B-95EBED6107D6}.Release|Any CPU.Build.0 = Release|Any CPU
		{99A70281-6F36-4279-839F-D5C0AD8796D4}.Debug|Any CPU.ActiveCfg = Debug|Any CPU
		{99A70281-6F36-4279-839F-D5C0AD8796D4}.Debug|Any CPU.Build.0 = Debug|Any CPU
		{99A70281-6F36-4279-839F-D5C0AD8796D4}.Release|Any CPU.ActiveCfg = Release|Any CPU
		{99A70281-6F36-4279-839F-D5C0AD8796D4}.Release|Any CPU.Build.0 = Release|Any CPU
		{004E2AF6-8D3B-4583-8923-4E5E98715E83}.Debug|Any CPU.ActiveCfg = Debug|Any CPU
		{004E2AF6-8D3B-4583-8923-4E5E98715E83}.Debug|Any CPU.Build.0 = Debug|Any CPU
		{004E2AF6-8D3B-4583-8923-4E5E98715E83}.Release|Any CPU.ActiveCfg = Release|Any CPU
		{004E2AF6-8D3B-4583-8923-4E5E98715E83}.Release|Any CPU.Build.0 = Release|Any CPU
		{C2A5B0FF-299A-44D3-8192-76430FF3B3DD}.Debug|Any CPU.ActiveCfg = Debug|Any CPU
		{C2A5B0FF-299A-44D3-8192-76430FF3B3DD}.Debug|Any CPU.Build.0 = Debug|Any CPU
		{C2A5B0FF-299A-44D3-8192-76430FF3B3DD}.Release|Any CPU.ActiveCfg = Release|Any CPU
		{C2A5B0FF-299A-44D3-8192-76430FF3B3DD}.Release|Any CPU.Build.0 = Release|Any CPU
		{65FAD97C-B82A-46EF-ABBE-AFE4BD1AB476}.Debug|Any CPU.ActiveCfg = Debug|Any CPU
		{65FAD97C-B82A-46EF-ABBE-AFE4BD1AB476}.Debug|Any CPU.Build.0 = Debug|Any CPU
		{65FAD97C-B82A-46EF-ABBE-AFE4BD1AB476}.Release|Any CPU.ActiveCfg = Release|Any CPU
		{65FAD97C-B82A-46EF-ABBE-AFE4BD1AB476}.Release|Any CPU.Build.0 = Release|Any CPU
		{4C591C00-641A-4D90-93A6-28ED1254CECC}.Debug|Any CPU.ActiveCfg = Debug|Any CPU
		{4C591C00-641A-4D90-93A6-28ED1254CECC}.Debug|Any CPU.Build.0 = Debug|Any CPU
		{4C591C00-641A-4D90-93A6-28ED1254CECC}.Release|Any CPU.ActiveCfg = Release|Any CPU
		{4C591C00-641A-4D90-93A6-28ED1254CECC}.Release|Any CPU.Build.0 = Release|Any CPU
		{02BD479C-DAA3-4970-90FF-8C0B1FE1C8E0}.Debug|Any CPU.ActiveCfg = Debug|Any CPU
		{02BD479C-DAA3-4970-90FF-8C0B1FE1C8E0}.Debug|Any CPU.Build.0 = Debug|Any CPU
		{02BD479C-DAA3-4970-90FF-8C0B1FE1C8E0}.Release|Any CPU.ActiveCfg = Release|Any CPU
		{02BD479C-DAA3-4970-90FF-8C0B1FE1C8E0}.Release|Any CPU.Build.0 = Release|Any CPU
	EndGlobalSection
	GlobalSection(SolutionProperties) = preSolution
		HideSolutionNode = FALSE
	EndGlobalSection
	GlobalSection(ExtensibilityGlobals) = postSolution
		SolutionGuid = {772B4F5F-25C4-498C-B2D8-71353F9170BB}
	EndGlobalSection
EndGlobal
